// !$*UTF8*$!
{
	archiveVersion = 1;
	classes = {
	};
	objectVersion = 48;
	objects = {

/* Begin PBXBuildFile section */
		2F827BF81F7A60800079AD84 /* AppDelegate.swift in Sources */ = {isa = PBXBuildFile; fileRef = 2F827BF71F7A60800079AD84 /* AppDelegate.swift */; };
		2F827BFA1F7A60800079AD84 /* ViewController.swift in Sources */ = {isa = PBXBuildFile; fileRef = 2F827BF91F7A60800079AD84 /* ViewController.swift */; };
		2F827BFD1F7A60800079AD84 /* Main.storyboard in Resources */ = {isa = PBXBuildFile; fileRef = 2F827BFB1F7A60800079AD84 /* Main.storyboard */; };
		2F827BFF1F7A60800079AD84 /* Assets.xcassets in Resources */ = {isa = PBXBuildFile; fileRef = 2F827BFE1F7A60800079AD84 /* Assets.xcassets */; };
		2F827C021F7A60800079AD84 /* LaunchScreen.storyboard in Resources */ = {isa = PBXBuildFile; fileRef = 2F827C001F7A60800079AD84 /* LaunchScreen.storyboard */; };
		2F827C0D1F7A60800079AD84 /* DragAndDropSampleTests.swift in Sources */ = {isa = PBXBuildFile; fileRef = 2F827C0C1F7A60800079AD84 /* DragAndDropSampleTests.swift */; };
		2F827C181F7A6DFC0079AD84 /* UIImageTableCell.swift in Sources */ = {isa = PBXBuildFile; fileRef = 2F827C171F7A6DFC0079AD84 /* UIImageTableCell.swift */; };
/* End PBXBuildFile section */

/* Begin PBXContainerItemProxy section */
		2F827C091F7A60800079AD84 /* PBXContainerItemProxy */ = {
			isa = PBXContainerItemProxy;
			containerPortal = 2F827BEC1F7A60800079AD84 /* Project object */;
			proxyType = 1;
			remoteGlobalIDString = 2F827BF31F7A60800079AD84;
			remoteInfo = DragAndDropSample;
		};
/* End PBXContainerItemProxy section */

/* Begin PBXFileReference section */
		2F827BF41F7A60800079AD84 /* DragAndDropSample.app */ = {isa = PBXFileReference; explicitFileType = wrapper.application; includeInIndex = 0; path = DragAndDropSample.app; sourceTree = BUILT_PRODUCTS_DIR; };
		2F827BF71F7A60800079AD84 /* AppDelegate.swift */ = {isa = PBXFileReference; lastKnownFileType = sourcecode.swift; path = AppDelegate.swift; sourceTree = "<group>"; };
		2F827BF91F7A60800079AD84 /* ViewController.swift */ = {isa = PBXFileReference; lastKnownFileType = sourcecode.swift; path = ViewController.swift; sourceTree = "<group>"; };
		2F827BFC1F7A60800079AD84 /* Base */ = {isa = PBXFileReference; lastKnownFileType = file.storyboard; name = Base; path = Base.lproj/Main.storyboard; sourceTree = "<group>"; };
		2F827BFE1F7A60800079AD84 /* Assets.xcassets */ = {isa = PBXFileReference; lastKnownFileType = folder.assetcatalog; path = Assets.xcassets; sourceTree = "<group>"; };
		2F827C011F7A60800079AD84 /* Base */ = {isa = PBXFileReference; lastKnownFileType = file.storyboard; name = Base; path = Base.lproj/LaunchScreen.storyboard; sourceTree = "<group>"; };
		2F827C031F7A60800079AD84 /* Info.plist */ = {isa = PBXFileReference; lastKnownFileType = text.plist.xml; path = Info.plist; sourceTree = "<group>"; };
		2F827C081F7A60800079AD84 /* DragAndDropSampleTests.xctest */ = {isa = PBXFileReference; explicitFileType = wrapper.cfbundle; includeInIndex = 0; path = DragAndDropSampleTests.xctest; sourceTree = BUILT_PRODUCTS_DIR; };
		2F827C0C1F7A60800079AD84 /* DragAndDropSampleTests.swift */ = {isa = PBXFileReference; lastKnownFileType = sourcecode.swift; path = DragAndDropSampleTests.swift; sourceTree = "<group>"; };
		2F827C0E1F7A60800079AD84 /* Info.plist */ = {isa = PBXFileReference; lastKnownFileType = text.plist.xml; path = Info.plist; sourceTree = "<group>"; };
		2F827C171F7A6DFC0079AD84 /* UIImageTableCell.swift */ = {isa = PBXFileReference; lastKnownFileType = sourcecode.swift; path = UIImageTableCell.swift; sourceTree = "<group>"; };
/* End PBXFileReference section */

/* Begin PBXFrameworksBuildPhase section */
		2F827BF11F7A60800079AD84 /* Frameworks */ = {
			isa = PBXFrameworksBuildPhase;
			buildActionMask = 2147483647;
			files = (
			);
			runOnlyForDeploymentPostprocessing = 0;
		};
		2F827C051F7A60800079AD84 /* Frameworks */ = {
			isa = PBXFrameworksBuildPhase;
			buildActionMask = 2147483647;
			files = (
			);
			runOnlyForDeploymentPostprocessing = 0;
		};
/* End PBXFrameworksBuildPhase section */

/* Begin PBXGroup section */
		2F827BEB1F7A60800079AD84 = {
			isa = PBXGroup;
			children = (
				2F827BF61F7A60800079AD84 /* DragAndDropSample */,
				2F827C0B1F7A60800079AD84 /* DragAndDropSampleTests */,
				2F827BF51F7A60800079AD84 /* Products */,
			);
			sourceTree = "<group>";
		};
		2F827BF51F7A60800079AD84 /* Products */ = {
			isa = PBXGroup;
			children = (
				2F827BF41F7A60800079AD84 /* DragAndDropSample.app */,
				2F827C081F7A60800079AD84 /* DragAndDropSampleTests.xctest */,
			);
			name = Products;
			sourceTree = "<group>";
		};
		2F827BF61F7A60800079AD84 /* DragAndDropSample */ = {
			isa = PBXGroup;
			children = (
				2F827BF71F7A60800079AD84 /* AppDelegate.swift */,
				2F827BF91F7A60800079AD84 /* ViewController.swift */,
				2F827C171F7A6DFC0079AD84 /* UIImageTableCell.swift */,
				2F827BFB1F7A60800079AD84 /* Main.storyboard */,
				2F827BFE1F7A60800079AD84 /* Assets.xcassets */,
				2F827C001F7A60800079AD84 /* LaunchScreen.storyboard */,
				2F827C031F7A60800079AD84 /* Info.plist */,
			);
			path = DragAndDropSample;
			sourceTree = "<group>";
		};
		2F827C0B1F7A60800079AD84 /* DragAndDropSampleTests */ = {
			isa = PBXGroup;
			children = (
				2F827C0C1F7A60800079AD84 /* DragAndDropSampleTests.swift */,
				2F827C0E1F7A60800079AD84 /* Info.plist */,
			);
			path = DragAndDropSampleTests;
			sourceTree = "<group>";
		};
/* End PBXGroup section */

/* Begin PBXNativeTarget section */
		2F827BF31F7A60800079AD84 /* DragAndDropSample */ = {
			isa = PBXNativeTarget;
			buildConfigurationList = 2F827C111F7A60800079AD84 /* Build configuration list for PBXNativeTarget "DragAndDropSample" */;
			buildPhases = (
				2F827BF01F7A60800079AD84 /* Sources */,
				2F827BF11F7A60800079AD84 /* Frameworks */,
				2F827BF21F7A60800079AD84 /* Resources */,
			);
			buildRules = (
			);
			dependencies = (
			);
			name = DragAndDropSample;
			productName = DragAndDropSample;
			productReference = 2F827BF41F7A60800079AD84 /* DragAndDropSample.app */;
			productType = "com.apple.product-type.application";
		};
		2F827C071F7A60800079AD84 /* DragAndDropSampleTests */ = {
			isa = PBXNativeTarget;
			buildConfigurationList = 2F827C141F7A60800079AD84 /* Build configuration list for PBXNativeTarget "DragAndDropSampleTests" */;
			buildPhases = (
				2F827C041F7A60800079AD84 /* Sources */,
				2F827C051F7A60800079AD84 /* Frameworks */,
				2F827C061F7A60800079AD84 /* Resources */,
			);
			buildRules = (
			);
			dependencies = (
				2F827C0A1F7A60800079AD84 /* PBXTargetDependency */,
			);
			name = DragAndDropSampleTests;
			productName = DragAndDropSampleTests;
			productReference = 2F827C081F7A60800079AD84 /* DragAndDropSampleTests.xctest */;
			productType = "com.apple.product-type.bundle.unit-test";
		};
/* End PBXNativeTarget section */

/* Begin PBXProject section */
		2F827BEC1F7A60800079AD84 /* Project object */ = {
			isa = PBXProject;
			attributes = {
				LastSwiftUpdateCheck = 0900;
				LastUpgradeCheck = 0900;
				ORGANIZATIONNAME = Paul;
				TargetAttributes = {
					2F827BF31F7A60800079AD84 = {
						CreatedOnToolsVersion = 9.0;
						ProvisioningStyle = Automatic;
					};
					2F827C071F7A60800079AD84 = {
						CreatedOnToolsVersion = 9.0;
						ProvisioningStyle = Automatic;
						TestTargetID = 2F827BF31F7A60800079AD84;
					};
				};
			};
			buildConfigurationList = 2F827BEF1F7A60800079AD84 /* Build configuration list for PBXProject "DragAndDropSample" */;
			compatibilityVersion = "Xcode 8.0";
			developmentRegion = en;
			hasScannedForEncodings = 0;
			knownRegions = (
				en,
				Base,
			);
			mainGroup = 2F827BEB1F7A60800079AD84;
			productRefGroup = 2F827BF51F7A60800079AD84 /* Products */;
			projectDirPath = "";
			projectRoot = "";
			targets = (
				2F827BF31F7A60800079AD84 /* DragAndDropSample */,
				2F827C071F7A60800079AD84 /* DragAndDropSampleTests */,
			);
		};
/* End PBXProject section */

/* Begin PBXResourcesBuildPhase section */
		2F827BF21F7A60800079AD84 /* Resources */ = {
			isa = PBXResourcesBuildPhase;
			buildActionMask = 2147483647;
			files = (
				2F827C021F7A60800079AD84 /* LaunchScreen.storyboard in Resources */,
				2F827BFF1F7A60800079AD84 /* Assets.xcassets in Resources */,
				2F827BFD1F7A60800079AD84 /* Main.storyboard in Resources */,
			);
			runOnlyForDeploymentPostprocessing = 0;
		};
		2F827C061F7A60800079AD84 /* Resources */ = {
			isa = PBXResourcesBuildPhase;
			buildActionMask = 2147483647;
			files = (
			);
			runOnlyForDeploymentPostprocessing = 0;
		};
/* End PBXResourcesBuildPhase section */

/* Begin PBXSourcesBuildPhase section */
		2F827BF01F7A60800079AD84 /* Sources */ = {
			isa = PBXSourcesBuildPhase;
			buildActionMask = 2147483647;
			files = (
				2F827BFA1F7A60800079AD84 /* ViewController.swift in Sources */,
				2F827BF81F7A60800079AD84 /* AppDelegate.swift in Sources */,
				2F827C181F7A6DFC0079AD84 /* UIImageTableCell.swift in Sources */,
			);
			runOnlyForDeploymentPostprocessing = 0;
		};
		2F827C041F7A60800079AD84 /* Sources */ = {
			isa = PBXSourcesBuildPhase;
			buildActionMask = 2147483647;
			files = (
				2F827C0D1F7A60800079AD84 /* DragAndDropSampleTests.swift in Sources */,
			);
			runOnlyForDeploymentPostprocessing = 0;
		};
/* End PBXSourcesBuildPhase section */

/* Begin PBXTargetDependency section */
		2F827C0A1F7A60800079AD84 /* PBXTargetDependency */ = {
			isa = PBXTargetDependency;
			target = 2F827BF31F7A60800079AD84 /* DragAndDropSample */;
			targetProxy = 2F827C091F7A60800079AD84 /* PBXContainerItemProxy */;
		};
/* End PBXTargetDependency section */

/* Begin PBXVariantGroup section */
		2F827BFB1F7A60800079AD84 /* Main.storyboard */ = {
			isa = PBXVariantGroup;
			children = (
				2F827BFC1F7A60800079AD84 /* Base */,
			);
			name = Main.storyboard;
			sourceTree = "<group>";
		};
		2F827C001F7A60800079AD84 /* LaunchScreen.storyboard */ = {
			isa = PBXVariantGroup;
			children = (
				2F827C011F7A60800079AD84 /* Base */,
			);
			name = LaunchScreen.storyboard;
			sourceTree = "<group>";
		};
/* End PBXVariantGroup section */

/* Begin XCBuildConfiguration section */
		2F827C0F1F7A60800079AD84 /* Debug */ = {
			isa = XCBuildConfiguration;
			buildSettings = {
				ALWAYS_SEARCH_USER_PATHS = NO;
				CLANG_ANALYZER_NONNULL = YES;
				CLANG_ANALYZER_NUMBER_OBJECT_CONVERSION = YES_AGGRESSIVE;
				CLANG_CXX_LANGUAGE_STANDARD = "gnu++14";
				CLANG_CXX_LIBRARY = "libc++";
				CLANG_ENABLE_MODULES = YES;
				CLANG_ENABLE_OBJC_ARC = YES;
				CLANG_WARN_BLOCK_CAPTURE_AUTORELEASING = YES;
				CLANG_WARN_BOOL_CONVERSION = YES;
				CLANG_WARN_COMMA = YES;
				CLANG_WARN_CONSTANT_CONVERSION = YES;
				CLANG_WARN_DIRECT_OBJC_ISA_USAGE = YES_ERROR;
				CLANG_WARN_DOCUMENTATION_COMMENTS = YES;
				CLANG_WARN_EMPTY_BODY = YES;
				CLANG_WARN_ENUM_CONVERSION = YES;
				CLANG_WARN_INFINITE_RECURSION = YES;
				CLANG_WARN_INT_CONVERSION = YES;
				CLANG_WARN_NON_LITERAL_NULL_CONVERSION = YES;
				CLANG_WARN_OBJC_LITERAL_CONVERSION = YES;
				CLANG_WARN_OBJC_ROOT_CLASS = YES_ERROR;
				CLANG_WARN_RANGE_LOOP_ANALYSIS = YES;
				CLANG_WARN_STRICT_PROTOTYPES = YES;
				CLANG_WARN_SUSPICIOUS_MOVE = YES;
				CLANG_WARN_UNGUARDED_AVAILABILITY = YES_AGGRESSIVE;
				CLANG_WARN_UNREACHABLE_CODE = YES;
				CLANG_WARN__DUPLICATE_METHOD_MATCH = YES;
				CODE_SIGN_IDENTITY = "iPhone Developer";
				COPY_PHASE_STRIP = NO;
				DEBUG_INFORMATION_FORMAT = dwarf;
				ENABLE_STRICT_OBJC_MSGSEND = YES;
				ENABLE_TESTABILITY = YES;
				GCC_C_LANGUAGE_STANDARD = gnu11;
				GCC_DYNAMIC_NO_PIC = NO;
				GCC_NO_COMMON_BLOCKS = YES;
				GCC_OPTIMIZATION_LEVEL = 0;
				GCC_PREPROCESSOR_DEFINITIONS = (
					"DEBUG=1",
					"$(inherited)",
				);
				GCC_WARN_64_TO_32_BIT_CONVERSION = YES;
				GCC_WARN_ABOUT_RETURN_TYPE = YES_ERROR;
				GCC_WARN_UNDECLARED_SELECTOR = YES;
				GCC_WARN_UNINITIALIZED_AUTOS = YES_AGGRESSIVE;
				GCC_WARN_UNUSED_FUNCTION = YES;
				GCC_WARN_UNUSED_VARIABLE = YES;
				IPHONEOS_DEPLOYMENT_TARGET = 11.0;
				MTL_ENABLE_DEBUG_INFO = YES;
				ONLY_ACTIVE_ARCH = YES;
				SDKROOT = iphoneos;
				SWIFT_ACTIVE_COMPILATION_CONDITIONS = DEBUG;
				SWIFT_OPTIMIZATION_LEVEL = "-Onone";
			};
			name = Debug;
		};
		2F827C101F7A60800079AD84 /* Release */ = {
			isa = XCBuildConfiguration;
			buildSettings = {
				ALWAYS_SEARCH_USER_PATHS = NO;
				CLANG_ANALYZER_NONNULL = YES;
				CLANG_ANALYZER_NUMBER_OBJECT_CONVERSION = YES_AGGRESSIVE;
				CLANG_CXX_LANGUAGE_STANDARD = "gnu++14";
				CLANG_CXX_LIBRARY = "libc++";
				CLANG_ENABLE_MODULES = YES;
				CLANG_ENABLE_OBJC_ARC = YES;
				CLANG_WARN_BLOCK_CAPTURE_AUTORELEASING = YES;
				CLANG_WARN_BOOL_CONVERSION = YES;
				CLANG_WARN_COMMA = YES;
				CLANG_WARN_CONSTANT_CONVERSION = YES;
				CLANG_WARN_DIRECT_OBJC_ISA_USAGE = YES_ERROR;
				CLANG_WARN_DOCUMENTATION_COMMENTS = YES;
				CLANG_WARN_EMPTY_BODY = YES;
				CLANG_WARN_ENUM_CONVERSION = YES;
				CLANG_WARN_INFINITE_RECURSION = YES;
				CLANG_WARN_INT_CONVERSION = YES;
				CLANG_WARN_NON_LITERAL_NULL_CONVERSION = YES;
				CLANG_WARN_OBJC_LITERAL_CONVERSION = YES;
				CLANG_WARN_OBJC_ROOT_CLASS = YES_ERROR;
				CLANG_WARN_RANGE_LOOP_ANALYSIS = YES;
				CLANG_WARN_STRICT_PROTOTYPES = YES;
				CLANG_WARN_SUSPICIOUS_MOVE = YES;
				CLANG_WARN_UNGUARDED_AVAILABILITY = YES_AGGRESSIVE;
				CLANG_WARN_UNREACHABLE_CODE = YES;
				CLANG_WARN__DUPLICATE_METHOD_MATCH = YES;
				CODE_SIGN_IDENTITY = "iPhone Developer";
				COPY_PHASE_STRIP = NO;
				DEBUG_INFORMATION_FORMAT = "dwarf-with-dsym";
				ENABLE_NS_ASSERTIONS = NO;
				ENABLE_STRICT_OBJC_MSGSEND = YES;
				GCC_C_LANGUAGE_STANDARD = gnu11;
				GCC_NO_COMMON_BLOCKS = YES;
				GCC_WARN_64_TO_32_BIT_CONVERSION = YES;
				GCC_WARN_ABOUT_RETURN_TYPE = YES_ERROR;
				GCC_WARN_UNDECLARED_SELECTOR = YES;
				GCC_WARN_UNINITIALIZED_AUTOS = YES_AGGRESSIVE;
				GCC_WARN_UNUSED_FUNCTION = YES;
				GCC_WARN_UNUSED_VARIABLE = YES;
				IPHONEOS_DEPLOYMENT_TARGET = 11.0;
				MTL_ENABLE_DEBUG_INFO = NO;
				SDKROOT = iphoneos;
				SWIFT_OPTIMIZATION_LEVEL = "-Owholemodule";
				VALIDATE_PRODUCT = YES;
			};
			name = Release;
		};
		2F827C121F7A60800079AD84 /* Debug */ = {
			isa = XCBuildConfiguration;
			buildSettings = {
				ASSETCATALOG_COMPILER_APPICON_NAME = AppIcon;
				CODE_SIGN_STYLE = Automatic;
				DEVELOPMENT_TEAM = 3YFUK27DKT;
				INFOPLIST_FILE = DragAndDropSample/Info.plist;
				LD_RUNPATH_SEARCH_PATHS = "$(inherited) @executable_path/Frameworks";
				PRODUCT_BUNDLE_IDENTIFIER = com.octo.DragAndDropSample;
				PRODUCT_NAME = "$(TARGET_NAME)";
				SWIFT_VERSION = 4.0;
				TARGETED_DEVICE_FAMILY = "1,2";
			};
			name = Debug;
		};
		2F827C131F7A60800079AD84 /* Release */ = {
			isa = XCBuildConfiguration;
			buildSettings = {
				ASSETCATALOG_COMPILER_APPICON_NAME = AppIcon;
				CODE_SIGN_STYLE = Automatic;
				DEVELOPMENT_TEAM = 3YFUK27DKT;
				INFOPLIST_FILE = DragAndDropSample/Info.plist;
				LD_RUNPATH_SEARCH_PATHS = "$(inherited) @executable_path/Frameworks";
				PRODUCT_BUNDLE_IDENTIFIER = com.octo.DragAndDropSample;
				PRODUCT_NAME = "$(TARGET_NAME)";
				SWIFT_VERSION = 4.0;
				TARGETED_DEVICE_FAMILY = "1,2";
			};
			name = Release;
		};
		2F827C151F7A60800079AD84 /* Debug */ = {
			isa = XCBuildConfiguration;
			buildSettings = {
				ALWAYS_EMBED_SWIFT_STANDARD_LIBRARIES = YES;
				BUNDLE_LOADER = "$(TEST_HOST)";
				CODE_SIGN_STYLE = Automatic;
				DEVELOPMENT_TEAM = 3YFUK27DKT;
				INFOPLIST_FILE = DragAndDropSampleTests/Info.plist;
				LD_RUNPATH_SEARCH_PATHS = "$(inherited) @executable_path/Frameworks @loader_path/Frameworks";
				PRODUCT_BUNDLE_IDENTIFIER = com.octo.DragAndDropSampleTests;
				PRODUCT_NAME = "$(TARGET_NAME)";
				SWIFT_VERSION = 4.0;
				TARGETED_DEVICE_FAMILY = "1,2";
				TEST_HOST = "$(BUILT_PRODUCTS_DIR)/DragAndDropSample.app/DragAndDropSample";
			};
			name = Debug;
		};
		2F827C161F7A60800079AD84 /* Release */ = {
			isa = XCBuildConfiguration;
			buildSettings = {
				ALWAYS_EMBED_SWIFT_STANDARD_LIBRARIES = YES;
				BUNDLE_LOADER = "$(TEST_HOST)";
				CODE_SIGN_STYLE = Automatic;
				DEVELOPMENT_TEAM = 3YFUK27DKT;
				INFOPLIST_FILE = DragAndDropSampleTests/Info.plist;
				LD_RUNPATH_SEARCH_PATHS = "$(inherited) @executable_path/Frameworks @loader_path/Frameworks";
				PRODUCT_BUNDLE_IDENTIFIER = com.octo.DragAndDropSampleTests;
				PRODUCT_NAME = "$(TARGET_NAME)";
				SWIFT_VERSION = 4.0;
				TARGETED_DEVICE_FAMILY = "1,2";
				TEST_HOST = "$(BUILT_PRODUCTS_DIR)/DragAndDropSample.app/DragAndDropSample";
			};
			name = Release;
		};
/* End XCBuildConfiguration section */

/* Begin XCConfigurationList section */
		2F827BEF1F7A60800079AD84 /* Build configuration list for PBXProject "DragAndDropSample" */ = {
			isa = XCConfigurationList;
			buildConfigurations = (
				2F827C0F1F7A60800079AD84 /* Debug */,
				2F827C101F7A60800079AD84 /* Release */,
			);
			defaultConfigurationIsVisible = 0;
			defaultConfigurationName = Release;
		};
		2F827C111F7A60800079AD84 /* Build configuration list for PBXNativeTarget "DragAndDropSample" */ = {
			isa = XCConfigurationList;
			buildConfigurations = (
				2F827C121F7A60800079AD84 /* Debug */,
				2F827C131F7A60800079AD84 /* Release */,
			);
			defaultConfigurationIsVisible = 0;
			defaultConfigurationName = Release;
		};
		2F827C141F7A60800079AD84 /* Build configuration list for PBXNativeTarget "DragAndDropSampleTests" */ = {
			isa = XCConfigurationList;
			buildConfigurations = (
				2F827C151F7A60800079AD84 /* Debug */,
				2F827C161F7A60800079AD84 /* Release */,
			);
			defaultConfigurationIsVisible = 0;
			defaultConfigurationName = Release;
		};
/* End XCConfigurationList section */
	};
	rootObject = 2F827BEC1F7A60800079AD84 /* Project object */;
}
